<?xml version="1.0" encoding="utf-8"?>
<Project ToolsVersion="17.0" xmlns="http://schemas.microsoft.com/developer/msbuild/2003">
  <ItemGroup>
    <CustomBuild Include="C:\TeamCity\work\938b0bdf6727d1ad\build\temp.win32-3.6\Release\CMakeFiles\80e8fb0507b152cbd814d964a0220141\INSTALL_force.rule">
      <Filter>CMake Rules</Filter>
    </CustomBuild>
  </ItemGroup>
  <ItemGroup>
    <Filter Include="CMake Rules">
      <UniqueIdentifier>{97DA42A2-3735-39C3-9F72-9E84EA334484}</UniqueIdentifier>
    </Filter>
  </ItemGroup>
</Project>
