{
  "name": "fumedev",
  "version": "1.0.0",
  "lockfileVersion": 3,
  "requires": true,
  "packages": {
    "": {
      "name": "fumedev",
      "version": "1.0.0",
      "license": "ISC",
      "dependencies": {
        "quick-lint-js": "3.1.0"
      }
    },
    "node_modules/quick-lint-js": {
      "version": "3.1.0",
      "resolved": "https://registry.npmjs.org/quick-lint-js/-/quick-lint-js-3.1.0.tgz",
      "integrity": "sha512-8HoQn4ETtczlotfl2PNZmbeF8GDGFAuh+S2d2nmnDZx0I3GOtBwWMh9R3E7bSYnF24n+qVJNBriL8nXxf1OF9g==",
      "funding": [
        {
          "type": "individual",
          "url": "https://github.com/sponsors/quick-lint"
        }
      ],
      "hasInstallScript": true,
      "os": [
        "darwin",
        "linux",
        "win32"
      ],
      "bin": {
        "quick-lint-js": "quick-lint-js.exe"
      }
    }
  }
}
