<?xml version="1.0" encoding="utf-8"?>
<Project ToolsVersion="17.0" xmlns="http://schemas.microsoft.com/developer/msbuild/2003">
  <ItemGroup>
    <CustomBuild Include="C:\TeamCity\work\938b0bdf6727d1ad\build\temp.win-amd64-3.6\Release\CMakeFiles\d638e7b05f25f620554ac61c9508b70b\INSTALL_force.rule">
      <Filter>CMake Rules</Filter>
    </CustomBuild>
  </ItemGroup>
  <ItemGroup>
    <Filter Include="CMake Rules">
      <UniqueIdentifier>{EE94E4F8-49A4-3141-B29C-337293F5B5BA}</UniqueIdentifier>
    </Filter>
  </ItemGroup>
</Project>
